
Microsoft Visual Studio Solution File, Format Version 12.00
# Visual Studio Version 17
VisualStudioVersion = 17.11.35327.3
MinimumVisualStudioVersion = 10.0.40219.1
Project("{FAE04EC0-301F-11D3-BF4B-00C04F79EFBC}") = "ConsoleApp6", "ConsoleApp6.csproj", "{AE038FAD-C54D-4E06-BFD6-C4261097664A}"
EndProject
Global
	GlobalSection(SolutionConfigurationPlatforms) = preSolution
		Debug|Any CPU = Debug|Any CPU
		Release|Any CPU = Release|Any CPU
	EndGlobalSection
	GlobalSection(ProjectConfigurationPlatforms) = postSolution
		{AE038FAD-C54D-4E06-BFD6-C4261097664A}.Debug|Any CPU.ActiveCfg = Debug|Any CPU
		{AE038FAD-C54D-4E06-BFD6-C4261097664A}.Debug|Any CPU.Build.0 = Debug|Any CPU
		{AE038FAD-C54D-4E06-BFD6-C4261097664A}.Release|Any CPU.ActiveCfg = Release|Any CPU
		{AE038FAD-C54D-4E06-BFD6-C4261097664A}.Release|Any CPU.Build.0 = Release|Any CPU
	EndGlobalSection
	GlobalSection(SolutionProperties) = preSolution
		HideSolutionNode = FALSE
	EndGlobalSection
	GlobalSection(ExtensibilityGlobals) = postSolution
		SolutionGuid = {FCD0E059-59D9-4467-90E2-99711B988966}
	EndGlobalSection
EndGlobal
